
Microsoft Visual Studio Solution File, Format Version 12.00
# Visual Studio Version 16
VisualStudioVersion = 16.0.31424.327
MinimumVisualStudioVersion = 10.0.40219.1
Project("{159641D6-6404-4A2A-AE62-294DE0FE8301}") = "DWBI Assesment 01", "DWBI Assesment 01\DWBI Assesment 01.dtproj", "{8069501B-3C9B-40FE-BCB8-F3D12D086338}"
EndProject
Global
	GlobalSection(SolutionConfigurationPlatforms) = preSolution
		Development|Default = Development|Default
	EndGlobalSection
	GlobalSection(ProjectConfigurationPlatforms) = postSolution
		{8069501B-3C9B-40FE-BCB8-F3D12D086338}.Development|Default.ActiveCfg = Development
		{8069501B-3C9B-40FE-BCB8-F3D12D086338}.Development|Default.Build.0 = Development
	EndGlobalSection
	GlobalSection(SolutionProperties) = preSolution
		HideSolutionNode = FALSE
	EndGlobalSection
	GlobalSection(ExtensibilityGlobals) = postSolution
		SolutionGuid = {BDBC1F81-9264-48BA-BFCE-7A4B44F038A7}
	EndGlobalSection
EndGlobal
